lockfileVersion: '9.0'

settings:
  autoInstallPeers: true
  excludeLinksFromLockfile: false

importers:

  .:
    devDependencies:
      ccusage:
        specifier: ^20.0.14
        version: 20.0.14

packages:

  '@ccusage/ccusage-darwin-arm64@20.0.14':
    resolution: {integrity: sha512-M8ZQzWmvLsI+eKbjQBJtw2YudUgFr4gAtXmNnb5nYam177vmajaxDWdItJr+I+Qx9QbxsKOxJslazT/WYkoFFQ==}
    cpu: [arm64]
    os: [darwin]

  '@ccusage/ccusage-darwin-x64@20.0.14':
    resolution: {integrity: sha512-NORKtEWsw8n3WGTdK3LGmEbygwrUFEDYAOeXWYT5rKAU84IMMYO9BVKALsr5KWX5FpfGGhTk/QdbzSFIaAqzKw==}
    cpu: [x64]
    os: [darwin]

  '@ccusage/ccusage-linux-arm64@20.0.14':
    resolution: {integrity: sha512-aShec3E1bFZTOl35B4KdX35kEzGZGkGO5eOnR03ih1mF88D9eEUFKWJ9pha1Liq8v/1gJvmHzgjuV7hLxrNDhw==}
    cpu: [arm64]
    os: [linux]

  '@ccusage/ccusage-linux-x64@20.0.14':
    resolution: {integrity: sha512-Q00no4oxct4/zQ4ob7t8uItsTSyrwFLti5NZ6kGhCxliN7LwMNqMVrTsUDy8Wsfiu1HEtyQQUclYRNAtLsn6Uw==}
    cpu: [x64]
    os: [linux]

  '@ccusage/ccusage-win32-arm64@20.0.14':
    resolution: {integrity: sha512-a7VPXWtzeQVo3qJl4Mprga8gBhWniQ0aPfw8FZWGRp9S7oDL18vgJOq2yF7c2NYYvTDW2prDaku6dawVNQGXeg==}
    cpu: [arm64]
    os: [win32]

  '@ccusage/ccusage-win32-x64@20.0.14':
    resolution: {integrity: sha512-DXo5DrINH/Zwih+N7ra7jSpIo70heuzC+6k3CuB4QIacJj908uSX12Zp4JdnUwmFk7yGEwQBfVs+SmuOc+VP0w==}
    cpu: [x64]
    os: [win32]

  ccusage@20.0.14:
    resolution: {integrity: sha512-xAkGU9NZdhbxj11o6J9x/tqNXicLz29y9j3nTJEkPI76LW4i6IrsXXcD9ywqzbKRsq1NlJLEhnBRgaZAksS9WA==}
    hasBin: true

snapshots:

  '@ccusage/ccusage-darwin-arm64@20.0.14':
    optional: true

  '@ccusage/ccusage-darwin-x64@20.0.14':
    optional: true

  '@ccusage/ccusage-linux-arm64@20.0.14':
    optional: true

  '@ccusage/ccusage-linux-x64@20.0.14':
    optional: true

  '@ccusage/ccusage-win32-arm64@20.0.14':
    optional: true

  '@ccusage/ccusage-win32-x64@20.0.14':
    optional: true

  ccusage@20.0.14:
    optionalDependencies:
      '@ccusage/ccusage-darwin-arm64': 20.0.14
      '@ccusage/ccusage-darwin-x64': 20.0.14
      '@ccusage/ccusage-linux-arm64': 20.0.14
      '@ccusage/ccusage-linux-x64': 20.0.14
      '@ccusage/ccusage-win32-arm64': 20.0.14
      '@ccusage/ccusage-win32-x64': 20.0.14
